// !$*UTF8*$!
{
	archiveVersion = 1;
	classes = {
	};
	objectVersion = 56;
	objects = {

/* Begin PBXBuildFile section */
		FB1A13392A7D0ED600C0A401 /* AppDelegate.swift in Sources */ = {isa = PBXBuildFile; fileRef = FB1A13382A7D0ED600C0A401 /* AppDelegate.swift */; };
		FB1A133B2A7D0ED600C0A401 /* SceneDelegate.swift in Sources */ = {isa = PBXBuildFile; fileRef = FB1A133A2A7D0ED600C0A401 /* SceneDelegate.swift */; };
		FB1A133D2A7D0ED600C0A401 /* ViewController.swift in Sources */ = {isa = PBXBuildFile; fileRef = FB1A133C2A7D0ED600C0A401 /* ViewController.swift */; };
		FB1A13402A7D0ED600C0A401 /* Main.storyboard in Resources */ = {isa = PBXBuildFile; fileRef = FB1A133E2A7D0ED600C0A401 /* Main.storyboard */; };
		FB1A13422A7D0ED700C0A401 /* Assets.xcassets in Resources */ = {isa = PBXBuildFile; fileRef = FB1A13412A7D0ED700C0A401 /* Assets.xcassets */; };
		FB1A13452A7D0ED700C0A401 /* LaunchScreen.storyboard in Resources */ = {isa = PBXBuildFile; fileRef = FB1A13432A7D0ED700C0A401 /* LaunchScreen.storyboard */; };
		FB1A134D2A7D10E000C0A401 /* ForwadrSheetViewController.swift in Sources */ = {isa = PBXBuildFile; fileRef = FB1A134C2A7D10E000C0A401 /* ForwadrSheetViewController.swift */; };
		FB72A08E2A815D3500E82F08 /* MyData.swift in Sources */ = {isa = PBXBuildFile; fileRef = FB72A08D2A815D3500E82F08 /* MyData.swift */; };
		FB72A0912A815E7500E82F08 /* EmailsTableViewCell.swift in Sources */ = {isa = PBXBuildFile; fileRef = FB72A08F2A815E7500E82F08 /* EmailsTableViewCell.swift */; };
		FB72A0922A815E7500E82F08 /* EmailsTableViewCell.xib in Resources */ = {isa = PBXBuildFile; fileRef = FB72A0902A815E7500E82F08 /* EmailsTableViewCell.xib */; };
		FB74B6EA2A8129320001892F /* MyTableViewCell.swift in Sources */ = {isa = PBXBuildFile; fileRef = FB74B6E82A8129320001892F /* MyTableViewCell.swift */; };
		FB74B6EB2A8129320001892F /* MyTableViewCell.xib in Resources */ = {isa = PBXBuildFile; fileRef = FB74B6E92A8129320001892F /* MyTableViewCell.xib */; };
		FB94DE572A80FC520005BFF3 /* HexColor.swift in Sources */ = {isa = PBXBuildFile; fileRef = FB94DE562A80FC520005BFF3 /* HexColor.swift */; };
/* End PBXBuildFile section */

/* Begin PBXFileReference section */
		FB1A13352A7D0ED600C0A401 /* ForwardSheet.app */ = {isa = PBXFileReference; explicitFileType = wrapper.application; includeInIndex = 0; path = ForwardSheet.app; sourceTree = BUILT_PRODUCTS_DIR; };
		FB1A13382A7D0ED600C0A401 /* AppDelegate.swift */ = {isa = PBXFileReference; lastKnownFileType = sourcecode.swift; path = AppDelegate.swift; sourceTree = "<group>"; };
		FB1A133A2A7D0ED600C0A401 /* SceneDelegate.swift */ = {isa = PBXFileReference; lastKnownFileType = sourcecode.swift; path = SceneDelegate.swift; sourceTree = "<group>"; };
		FB1A133C2A7D0ED600C0A401 /* ViewController.swift */ = {isa = PBXFileReference; lastKnownFileType = sourcecode.swift; path = ViewController.swift; sourceTree = "<group>"; };
		FB1A133F2A7D0ED600C0A401 /* Base */ = {isa = PBXFileReference; lastKnownFileType = file.storyboard; name = Base; path = Base.lproj/Main.storyboard; sourceTree = "<group>"; };
		FB1A13412A7D0ED700C0A401 /* Assets.xcassets */ = {isa = PBXFileReference; lastKnownFileType = folder.assetcatalog; path = Assets.xcassets; sourceTree = "<group>"; };
		FB1A13442A7D0ED700C0A401 /* Base */ = {isa = PBXFileReference; lastKnownFileType = file.storyboard; name = Base; path = Base.lproj/LaunchScreen.storyboard; sourceTree = "<group>"; };
		FB1A13462A7D0ED700C0A401 /* Info.plist */ = {isa = PBXFileReference; lastKnownFileType = text.plist.xml; path = Info.plist; sourceTree = "<group>"; };
		FB1A134C2A7D10E000C0A401 /* ForwadrSheetViewController.swift */ = {isa = PBXFileReference; lastKnownFileType = sourcecode.swift; path = ForwadrSheetViewController.swift; sourceTree = "<group>"; };
		FB72A08D2A815D3500E82F08 /* MyData.swift */ = {isa = PBXFileReference; fileEncoding = 4; lastKnownFileType = sourcecode.swift; name = MyData.swift; path = "../../../Desktop/Ajai Training/AccordionView/TableViewUi/AccordionView/MyData.swift"; sourceTree = "<group>"; };
		FB72A08F2A815E7500E82F08 /* EmailsTableViewCell.swift */ = {isa = PBXFileReference; lastKnownFileType = sourcecode.swift; path = EmailsTableViewCell.swift; sourceTree = "<group>"; };
		FB72A0902A815E7500E82F08 /* EmailsTableViewCell.xib */ = {isa = PBXFileReference; lastKnownFileType = file.xib; path = EmailsTableViewCell.xib; sourceTree = "<group>"; };
		FB74B6E82A8129320001892F /* MyTableViewCell.swift */ = {isa = PBXFileReference; fileEncoding = 4; lastKnownFileType = sourcecode.swift; name = MyTableViewCell.swift; path = "../../../Desktop/Ajai Training/AccordionView/TableViewUi/AccordionView/MyTableViewCell.swift"; sourceTree = "<group>"; };
		FB74B6E92A8129320001892F /* MyTableViewCell.xib */ = {isa = PBXFileReference; fileEncoding = 4; lastKnownFileType = file.xib; name = MyTableViewCell.xib; path = "../../../Desktop/Ajai Training/AccordionView/TableViewUi/AccordionView/MyTableViewCell.xib"; sourceTree = "<group>"; };
		FB94DE562A80FC520005BFF3 /* HexColor.swift */ = {isa = PBXFileReference; fileEncoding = 4; lastKnownFileType = sourcecode.swift; name = HexColor.swift; path = "../../../Desktop/IOMD Support/IOMDsupport/UpdatedSheetUI/UpdatedSheetUI/HexColor.swift"; sourceTree = "<group>"; };
/* End PBXFileReference section */

/* Begin PBXFrameworksBuildPhase section */
		FB1A13322A7D0ED600C0A401 /* Frameworks */ = {
			isa = PBXFrameworksBuildPhase;
			buildActionMask = 2147483647;
			files = (
			);
			runOnlyForDeploymentPostprocessing = 0;
		};
/* End PBXFrameworksBuildPhase section */

/* Begin PBXGroup section */
		FB1A132C2A7D0ED600C0A401 = {
			isa = PBXGroup;
			children = (
				FB1A13372A7D0ED600C0A401 /* ForwardSheet */,
				FB1A13362A7D0ED600C0A401 /* Products */,
			);
			sourceTree = "<group>";
		};
		FB1A13362A7D0ED600C0A401 /* Products */ = {
			isa = PBXGroup;
			children = (
				FB1A13352A7D0ED600C0A401 /* ForwardSheet.app */,
			);
			name = Products;
			sourceTree = "<group>";
		};
		FB1A13372A7D0ED600C0A401 /* ForwardSheet */ = {
			isa = PBXGroup;
			children = (
				FB1A13382A7D0ED600C0A401 /* AppDelegate.swift */,
				FB1A133A2A7D0ED600C0A401 /* SceneDelegate.swift */,
				FB1A133C2A7D0ED600C0A401 /* ViewController.swift */,
				FB1A134C2A7D10E000C0A401 /* ForwadrSheetViewController.swift */,
				FB1A133E2A7D0ED600C0A401 /* Main.storyboard */,
				FB1A13412A7D0ED700C0A401 /* Assets.xcassets */,
				FB1A13432A7D0ED700C0A401 /* LaunchScreen.storyboard */,
				FB1A13462A7D0ED700C0A401 /* Info.plist */,
				FB94DE562A80FC520005BFF3 /* HexColor.swift */,
				FB74B6E82A8129320001892F /* MyTableViewCell.swift */,
				FB74B6E92A8129320001892F /* MyTableViewCell.xib */,
				FB72A08D2A815D3500E82F08 /* MyData.swift */,
				FB72A08F2A815E7500E82F08 /* EmailsTableViewCell.swift */,
				FB72A0902A815E7500E82F08 /* EmailsTableViewCell.xib */,
			);
			path = ForwardSheet;
			sourceTree = "<group>";
		};
/* End PBXGroup section */

/* Begin PBXNativeTarget section */
		FB1A13342A7D0ED600C0A401 /* ForwardSheet */ = {
			isa = PBXNativeTarget;
			buildConfigurationList = FB1A13492A7D0ED700C0A401 /* Build configuration list for PBXNativeTarget "ForwardSheet" */;
			buildPhases = (
				FB1A13312A7D0ED600C0A401 /* Sources */,
				FB1A13322A7D0ED600C0A401 /* Frameworks */,
				FB1A13332A7D0ED600C0A401 /* Resources */,
			);
			buildRules = (
			);
			dependencies = (
			);
			name = ForwardSheet;
			productName = ForwardSheet;
			productReference = FB1A13352A7D0ED600C0A401 /* ForwardSheet.app */;
			productType = "com.apple.product-type.application";
		};
/* End PBXNativeTarget section */

/* Begin PBXProject section */
		FB1A132D2A7D0ED600C0A401 /* Project object */ = {
			isa = PBXProject;
			attributes = {
				BuildIndependentTargetsInParallel = 1;
				LastSwiftUpdateCheck = 1420;
				LastUpgradeCheck = 1420;
				TargetAttributes = {
					FB1A13342A7D0ED600C0A401 = {
						CreatedOnToolsVersion = 14.2;
					};
				};
			};
			buildConfigurationList = FB1A13302A7D0ED600C0A401 /* Build configuration list for PBXProject "ForwardSheet" */;
			compatibilityVersion = "Xcode 14.0";
			developmentRegion = en;
			hasScannedForEncodings = 0;
			knownRegions = (
				en,
				Base,
			);
			mainGroup = FB1A132C2A7D0ED600C0A401;
			productRefGroup = FB1A13362A7D0ED600C0A401 /* Products */;
			projectDirPath = "";
			projectRoot = "";
			targets = (
				FB1A13342A7D0ED600C0A401 /* ForwardSheet */,
			);
		};
/* End PBXProject section */

/* Begin PBXResourcesBuildPhase section */
		FB1A13332A7D0ED600C0A401 /* Resources */ = {
			isa = PBXResourcesBuildPhase;
			buildActionMask = 2147483647;
			files = (
				FB1A13452A7D0ED700C0A401 /* LaunchScreen.storyboard in Resources */,
				FB74B6EB2A8129320001892F /* MyTableViewCell.xib in Resources */,
				FB72A0922A815E7500E82F08 /* EmailsTableViewCell.xib in Resources */,
				FB1A13422A7D0ED700C0A401 /* Assets.xcassets in Resources */,
				FB1A13402A7D0ED600C0A401 /* Main.storyboard in Resources */,
			);
			runOnlyForDeploymentPostprocessing = 0;
		};
/* End PBXResourcesBuildPhase section */

/* Begin PBXSourcesBuildPhase section */
		FB1A13312A7D0ED600C0A401 /* Sources */ = {
			isa = PBXSourcesBuildPhase;
			buildActionMask = 2147483647;
			files = (
				FB94DE572A80FC520005BFF3 /* HexColor.swift in Sources */,
				FB1A134D2A7D10E000C0A401 /* ForwadrSheetViewController.swift in Sources */,
				FB72A0912A815E7500E82F08 /* EmailsTableViewCell.swift in Sources */,
				FB1A133D2A7D0ED600C0A401 /* ViewController.swift in Sources */,
				FB1A13392A7D0ED600C0A401 /* AppDelegate.swift in Sources */,
				FB1A133B2A7D0ED600C0A401 /* SceneDelegate.swift in Sources */,
				FB72A08E2A815D3500E82F08 /* MyData.swift in Sources */,
				FB74B6EA2A8129320001892F /* MyTableViewCell.swift in Sources */,
			);
			runOnlyForDeploymentPostprocessing = 0;
		};
/* End PBXSourcesBuildPhase section */

/* Begin PBXVariantGroup section */
		FB1A133E2A7D0ED600C0A401 /* Main.storyboard */ = {
			isa = PBXVariantGroup;
			children = (
				FB1A133F2A7D0ED600C0A401 /* Base */,
			);
			name = Main.storyboard;
			sourceTree = "<group>";
		};
		FB1A13432A7D0ED700C0A401 /* LaunchScreen.storyboard */ = {
			isa = PBXVariantGroup;
			children = (
				FB1A13442A7D0ED700C0A401 /* Base */,
			);
			name = LaunchScreen.storyboard;
			sourceTree = "<group>";
		};
/* End PBXVariantGroup section */

/* Begin XCBuildConfiguration section */
		FB1A13472A7D0ED700C0A401 /* Debug */ = {
			isa = XCBuildConfiguration;
			buildSettings = {
				ALWAYS_SEARCH_USER_PATHS = NO;
				CLANG_ANALYZER_NONNULL = YES;
				CLANG_ANALYZER_NUMBER_OBJECT_CONVERSION = YES_AGGRESSIVE;
				CLANG_CXX_LANGUAGE_STANDARD = "gnu++20";
				CLANG_ENABLE_MODULES = YES;
				CLANG_ENABLE_OBJC_ARC = YES;
				CLANG_ENABLE_OBJC_WEAK = YES;
				CLANG_WARN_BLOCK_CAPTURE_AUTORELEASING = YES;
				CLANG_WARN_BOOL_CONVERSION = YES;
				CLANG_WARN_COMMA = YES;
				CLANG_WARN_CONSTANT_CONVERSION = YES;
				CLANG_WARN_DEPRECATED_OBJC_IMPLEMENTATIONS = YES;
				CLANG_WARN_DIRECT_OBJC_ISA_USAGE = YES_ERROR;
				CLANG_WARN_DOCUMENTATION_COMMENTS = YES;
				CLANG_WARN_EMPTY_BODY = YES;
				CLANG_WARN_ENUM_CONVERSION = YES;
				CLANG_WARN_INFINITE_RECURSION = YES;
				CLANG_WARN_INT_CONVERSION = YES;
				CLANG_WARN_NON_LITERAL_NULL_CONVERSION = YES;
				CLANG_WARN_OBJC_IMPLICIT_RETAIN_SELF = YES;
				CLANG_WARN_OBJC_LITERAL_CONVERSION = YES;
				CLANG_WARN_OBJC_ROOT_CLASS = YES_ERROR;
				CLANG_WARN_QUOTED_INCLUDE_IN_FRAMEWORK_HEADER = YES;
				CLANG_WARN_RANGE_LOOP_ANALYSIS = YES;
				CLANG_WARN_STRICT_PROTOTYPES = YES;
				CLANG_WARN_SUSPICIOUS_MOVE = YES;
				CLANG_WARN_UNGUARDED_AVAILABILITY = YES_AGGRESSIVE;
				CLANG_WARN_UNREACHABLE_CODE = YES;
				CLANG_WARN__DUPLICATE_METHOD_MATCH = YES;
				COPY_PHASE_STRIP = NO;
				DEBUG_INFORMATION_FORMAT = dwarf;
				ENABLE_STRICT_OBJC_MSGSEND = YES;
				ENABLE_TESTABILITY = YES;
				GCC_C_LANGUAGE_STANDARD = gnu11;
				GCC_DYNAMIC_NO_PIC = NO;
				GCC_NO_COMMON_BLOCKS = YES;
				GCC_OPTIMIZATION_LEVEL = 0;
				GCC_PREPROCESSOR_DEFINITIONS = (
					"DEBUG=1",
					"$(inherited)",
				);
				GCC_WARN_64_TO_32_BIT_CONVERSION = YES;
				GCC_WARN_ABOUT_RETURN_TYPE = YES_ERROR;
				GCC_WARN_UNDECLARED_SELECTOR = YES;
				GCC_WARN_UNINITIALIZED_AUTOS = YES_AGGRESSIVE;
				GCC_WARN_UNUSED_FUNCTION = YES;
				GCC_WARN_UNUSED_VARIABLE = YES;
				IPHONEOS_DEPLOYMENT_TARGET = 16.2;
				MTL_ENABLE_DEBUG_INFO = INCLUDE_SOURCE;
				MTL_FAST_MATH = YES;
				ONLY_ACTIVE_ARCH = YES;
				SDKROOT = iphoneos;
				SWIFT_ACTIVE_COMPILATION_CONDITIONS = DEBUG;
				SWIFT_OPTIMIZATION_LEVEL = "-Onone";
			};
			name = Debug;
		};
		FB1A13482A7D0ED700C0A401 /* Release */ = {
			isa = XCBuildConfiguration;
			buildSettings = {
				ALWAYS_SEARCH_USER_PATHS = NO;
				CLANG_ANALYZER_NONNULL = YES;
				CLANG_ANALYZER_NUMBER_OBJECT_CONVERSION = YES_AGGRESSIVE;
				CLANG_CXX_LANGUAGE_STANDARD = "gnu++20";
				CLANG_ENABLE_MODULES = YES;
				CLANG_ENABLE_OBJC_ARC = YES;
				CLANG_ENABLE_OBJC_WEAK = YES;
				CLANG_WARN_BLOCK_CAPTURE_AUTORELEASING = YES;
				CLANG_WARN_BOOL_CONVERSION = YES;
				CLANG_WARN_COMMA = YES;
				CLANG_WARN_CONSTANT_CONVERSION = YES;
				CLANG_WARN_DEPRECATED_OBJC_IMPLEMENTATIONS = YES;
				CLANG_WARN_DIRECT_OBJC_ISA_USAGE = YES_ERROR;
				CLANG_WARN_DOCUMENTATION_COMMENTS = YES;
				CLANG_WARN_EMPTY_BODY = YES;
				CLANG_WARN_ENUM_CONVERSION = YES;
				CLANG_WARN_INFINITE_RECURSION = YES;
				CLANG_WARN_INT_CONVERSION = YES;
				CLANG_WARN_NON_LITERAL_NULL_CONVERSION = YES;
				CLANG_WARN_OBJC_IMPLICIT_RETAIN_SELF = YES;
				CLANG_WARN_OBJC_LITERAL_CONVERSION = YES;
				CLANG_WARN_OBJC_ROOT_CLASS = YES_ERROR;
				CLANG_WARN_QUOTED_INCLUDE_IN_FRAMEWORK_HEADER = YES;
				CLANG_WARN_RANGE_LOOP_ANALYSIS = YES;
				CLANG_WARN_STRICT_PROTOTYPES = YES;
				CLANG_WARN_SUSPICIOUS_MOVE = YES;
				CLANG_WARN_UNGUARDED_AVAILABILITY = YES_AGGRESSIVE;
				CLANG_WARN_UNREACHABLE_CODE = YES;
				CLANG_WARN__DUPLICATE_METHOD_MATCH = YES;
				COPY_PHASE_STRIP = NO;
				DEBUG_INFORMATION_FORMAT = "dwarf-with-dsym";
				ENABLE_NS_ASSERTIONS = NO;
				ENABLE_STRICT_OBJC_MSGSEND = YES;
				GCC_C_LANGUAGE_STANDARD = gnu11;
				GCC_NO_COMMON_BLOCKS = YES;
				GCC_WARN_64_TO_32_BIT_CONVERSION = YES;
				GCC_WARN_ABOUT_RETURN_TYPE = YES_ERROR;
				GCC_WARN_UNDECLARED_SELECTOR = YES;
				GCC_WARN_UNINITIALIZED_AUTOS = YES_AGGRESSIVE;
				GCC_WARN_UNUSED_FUNCTION = YES;
				GCC_WARN_UNUSED_VARIABLE = YES;
				IPHONEOS_DEPLOYMENT_TARGET = 16.2;
				MTL_ENABLE_DEBUG_INFO = NO;
				MTL_FAST_MATH = YES;
				SDKROOT = iphoneos;
				SWIFT_COMPILATION_MODE = wholemodule;
				SWIFT_OPTIMIZATION_LEVEL = "-O";
				VALIDATE_PRODUCT = YES;
			};
			name = Release;
		};
		FB1A134A2A7D0ED700C0A401 /* Debug */ = {
			isa = XCBuildConfiguration;
			buildSettings = {
				ASSETCATALOG_COMPILER_APPICON_NAME = AppIcon;
				ASSETCATALOG_COMPILER_GLOBAL_ACCENT_COLOR_NAME = AccentColor;
				CODE_SIGN_STYLE = Manual;
				CURRENT_PROJECT_VERSION = 1;
				DEVELOPMENT_TEAM = "";
				GENERATE_INFOPLIST_FILE = YES;
				INFOPLIST_FILE = ForwardSheet/Info.plist;
				INFOPLIST_KEY_UIApplicationSupportsIndirectInputEvents = YES;
				INFOPLIST_KEY_UILaunchStoryboardName = LaunchScreen;
				INFOPLIST_KEY_UIMainStoryboardFile = Main;
				INFOPLIST_KEY_UISupportedInterfaceOrientations_iPad = "UIInterfaceOrientationPortrait UIInterfaceOrientationPortraitUpsideDown UIInterfaceOrientationLandscapeLeft UIInterfaceOrientationLandscapeRight";
				INFOPLIST_KEY_UISupportedInterfaceOrientations_iPhone = "UIInterfaceOrientationPortrait UIInterfaceOrientationLandscapeLeft UIInterfaceOrientationLandscapeRight";
				IPHONEOS_DEPLOYMENT_TARGET = 15.0;
				LD_RUNPATH_SEARCH_PATHS = (
					"$(inherited)",
					"@executable_path/Frameworks",
				);
				MARKETING_VERSION = 1.0;
				PRODUCT_BUNDLE_IDENTIFIER = com.ideas2it.ForwardSheet;
				PRODUCT_NAME = "$(TARGET_NAME)";
				PROVISIONING_PROFILE_SPECIFIER = "";
				SWIFT_EMIT_LOC_STRINGS = YES;
				SWIFT_VERSION = 5.0;
				TARGETED_DEVICE_FAMILY = "1,2";
			};
			name = Debug;
		};
		FB1A134B2A7D0ED700C0A401 /* Release */ = {
			isa = XCBuildConfiguration;
			buildSettings = {
				ASSETCATALOG_COMPILER_APPICON_NAME = AppIcon;
				ASSETCATALOG_COMPILER_GLOBAL_ACCENT_COLOR_NAME = AccentColor;
				CODE_SIGN_STYLE = Manual;
				CURRENT_PROJECT_VERSION = 1;
				DEVELOPMENT_TEAM = "";
				GENERATE_INFOPLIST_FILE = YES;
				INFOPLIST_FILE = ForwardSheet/Info.plist;
				INFOPLIST_KEY_UIApplicationSupportsIndirectInputEvents = YES;
				INFOPLIST_KEY_UILaunchStoryboardName = LaunchScreen;
				INFOPLIST_KEY_UIMainStoryboardFile = Main;
				INFOPLIST_KEY_UISupportedInterfaceOrientations_iPad = "UIInterfaceOrientationPortrait UIInterfaceOrientationPortraitUpsideDown UIInterfaceOrientationLandscapeLeft UIInterfaceOrientationLandscapeRight";
				INFOPLIST_KEY_UISupportedInterfaceOrientations_iPhone = "UIInterfaceOrientationPortrait UIInterfaceOrientationLandscapeLeft UIInterfaceOrientationLandscapeRight";
				IPHONEOS_DEPLOYMENT_TARGET = 15.0;
				LD_RUNPATH_SEARCH_PATHS = (
					"$(inherited)",
					"@executable_path/Frameworks",
				);
				MARKETING_VERSION = 1.0;
				PRODUCT_BUNDLE_IDENTIFIER = com.ideas2it.ForwardSheet;
				PRODUCT_NAME = "$(TARGET_NAME)";
				PROVISIONING_PROFILE_SPECIFIER = "";
				SWIFT_EMIT_LOC_STRINGS = YES;
				SWIFT_VERSION = 5.0;
				TARGETED_DEVICE_FAMILY = "1,2";
			};
			name = Release;
		};
/* End XCBuildConfiguration section */

/* Begin XCConfigurationList section */
		FB1A13302A7D0ED600C0A401 /* Build configuration list for PBXProject "ForwardSheet" */ = {
			isa = XCConfigurationList;
			buildConfigurations = (
				FB1A13472A7D0ED700C0A401 /* Debug */,
				FB1A13482A7D0ED700C0A401 /* Release */,
			);
			defaultConfigurationIsVisible = 0;
			defaultConfigurationName = Release;
		};
		FB1A13492A7D0ED700C0A401 /* Build configuration list for PBXNativeTarget "ForwardSheet" */ = {
			isa = XCConfigurationList;
			buildConfigurations = (
				FB1A134A2A7D0ED700C0A401 /* Debug */,
				FB1A134B2A7D0ED700C0A401 /* Release */,
			);
			defaultConfigurationIsVisible = 0;
			defaultConfigurationName = Release;
		};
/* End XCConfigurationList section */
	};
	rootObject = FB1A132D2A7D0ED600C0A401 /* Project object */;
}
