// !$*UTF8*$!
{
	archiveVersion = 1;
	classes = {
	};
	objectVersion = 56;
	objects = {

/* Begin PBXBuildFile section */
		FB1E74EE2AAAAEC600EA6311 /* AppDelegate.swift in Sources */ = {isa = PBXBuildFile; fileRef = FB1E74ED2AAAAEC600EA6311 /* AppDelegate.swift */; };
		FB1E74F02AAAAEC600EA6311 /* SceneDelegate.swift in Sources */ = {isa = PBXBuildFile; fileRef = FB1E74EF2AAAAEC600EA6311 /* SceneDelegate.swift */; };
		FB1E74F22AAAAEC600EA6311 /* ViewController.swift in Sources */ = {isa = PBXBuildFile; fileRef = FB1E74F12AAAAEC600EA6311 /* ViewController.swift */; };
		FB1E74F52AAAAEC600EA6311 /* Main.storyboard in Resources */ = {isa = PBXBuildFile; fileRef = FB1E74F32AAAAEC600EA6311 /* Main.storyboard */; };
		FB1E74F72AAAAEC900EA6311 /* Assets.xcassets in Resources */ = {isa = PBXBuildFile; fileRef = FB1E74F62AAAAEC900EA6311 /* Assets.xcassets */; };
		FB1E74FA2AAAAEC900EA6311 /* LaunchScreen.storyboard in Resources */ = {isa = PBXBuildFile; fileRef = FB1E74F82AAAAEC900EA6311 /* LaunchScreen.storyboard */; };
		FB1E75032AAAAEFF00EA6311 /* BuyAgainTableViewCell.swift in Sources */ = {isa = PBXBuildFile; fileRef = FB1E75012AAAAEFF00EA6311 /* BuyAgainTableViewCell.swift */; };
		FB1E75042AAAAEFF00EA6311 /* BuyAgainTableViewCell.xib in Resources */ = {isa = PBXBuildFile; fileRef = FB1E75022AAAAEFF00EA6311 /* BuyAgainTableViewCell.xib */; };
/* End PBXBuildFile section */

/* Begin PBXFileReference section */
		FB1E74EA2AAAAEC600EA6311 /* BuyAgainCell.app */ = {isa = PBXFileReference; explicitFileType = wrapper.application; includeInIndex = 0; path = BuyAgainCell.app; sourceTree = BUILT_PRODUCTS_DIR; };
		FB1E74ED2AAAAEC600EA6311 /* AppDelegate.swift */ = {isa = PBXFileReference; lastKnownFileType = sourcecode.swift; path = AppDelegate.swift; sourceTree = "<group>"; };
		FB1E74EF2AAAAEC600EA6311 /* SceneDelegate.swift */ = {isa = PBXFileReference; lastKnownFileType = sourcecode.swift; path = SceneDelegate.swift; sourceTree = "<group>"; };
		FB1E74F12AAAAEC600EA6311 /* ViewController.swift */ = {isa = PBXFileReference; lastKnownFileType = sourcecode.swift; path = ViewController.swift; sourceTree = "<group>"; };
		FB1E74F42AAAAEC600EA6311 /* Base */ = {isa = PBXFileReference; lastKnownFileType = file.storyboard; name = Base; path = Base.lproj/Main.storyboard; sourceTree = "<group>"; };
		FB1E74F62AAAAEC900EA6311 /* Assets.xcassets */ = {isa = PBXFileReference; lastKnownFileType = folder.assetcatalog; path = Assets.xcassets; sourceTree = "<group>"; };
		FB1E74F92AAAAEC900EA6311 /* Base */ = {isa = PBXFileReference; lastKnownFileType = file.storyboard; name = Base; path = Base.lproj/LaunchScreen.storyboard; sourceTree = "<group>"; };
		FB1E74FB2AAAAEC900EA6311 /* Info.plist */ = {isa = PBXFileReference; lastKnownFileType = text.plist.xml; path = Info.plist; sourceTree = "<group>"; };
		FB1E75012AAAAEFF00EA6311 /* BuyAgainTableViewCell.swift */ = {isa = PBXFileReference; lastKnownFileType = sourcecode.swift; path = BuyAgainTableViewCell.swift; sourceTree = "<group>"; };
		FB1E75022AAAAEFF00EA6311 /* BuyAgainTableViewCell.xib */ = {isa = PBXFileReference; lastKnownFileType = file.xib; path = BuyAgainTableViewCell.xib; sourceTree = "<group>"; };
/* End PBXFileReference section */

/* Begin PBXFrameworksBuildPhase section */
		FB1E74E72AAAAEC600EA6311 /* Frameworks */ = {
			isa = PBXFrameworksBuildPhase;
			buildActionMask = 2147483647;
			files = (
			);
			runOnlyForDeploymentPostprocessing = 0;
		};
/* End PBXFrameworksBuildPhase section */

/* Begin PBXGroup section */
		FB1E74E12AAAAEC600EA6311 = {
			isa = PBXGroup;
			children = (
				FB1E74EC2AAAAEC600EA6311 /* BuyAgainCell */,
				FB1E74EB2AAAAEC600EA6311 /* Products */,
			);
			sourceTree = "<group>";
		};
		FB1E74EB2AAAAEC600EA6311 /* Products */ = {
			isa = PBXGroup;
			children = (
				FB1E74EA2AAAAEC600EA6311 /* BuyAgainCell.app */,
			);
			name = Products;
			sourceTree = "<group>";
		};
		FB1E74EC2AAAAEC600EA6311 /* BuyAgainCell */ = {
			isa = PBXGroup;
			children = (
				FB1E74ED2AAAAEC600EA6311 /* AppDelegate.swift */,
				FB1E74EF2AAAAEC600EA6311 /* SceneDelegate.swift */,
				FB1E74F12AAAAEC600EA6311 /* ViewController.swift */,
				FB1E74F32AAAAEC600EA6311 /* Main.storyboard */,
				FB1E74F62AAAAEC900EA6311 /* Assets.xcassets */,
				FB1E74F82AAAAEC900EA6311 /* LaunchScreen.storyboard */,
				FB1E74FB2AAAAEC900EA6311 /* Info.plist */,
				FB1E75012AAAAEFF00EA6311 /* BuyAgainTableViewCell.swift */,
				FB1E75022AAAAEFF00EA6311 /* BuyAgainTableViewCell.xib */,
			);
			path = BuyAgainCell;
			sourceTree = "<group>";
		};
/* End PBXGroup section */

/* Begin PBXNativeTarget section */
		FB1E74E92AAAAEC600EA6311 /* BuyAgainCell */ = {
			isa = PBXNativeTarget;
			buildConfigurationList = FB1E74FE2AAAAEC900EA6311 /* Build configuration list for PBXNativeTarget "BuyAgainCell" */;
			buildPhases = (
				FB1E74E62AAAAEC600EA6311 /* Sources */,
				FB1E74E72AAAAEC600EA6311 /* Frameworks */,
				FB1E74E82AAAAEC600EA6311 /* Resources */,
			);
			buildRules = (
			);
			dependencies = (
			);
			name = BuyAgainCell;
			productName = BuyAgainCell;
			productReference = FB1E74EA2AAAAEC600EA6311 /* BuyAgainCell.app */;
			productType = "com.apple.product-type.application";
		};
/* End PBXNativeTarget section */

/* Begin PBXProject section */
		FB1E74E22AAAAEC600EA6311 /* Project object */ = {
			isa = PBXProject;
			attributes = {
				BuildIndependentTargetsInParallel = 1;
				LastSwiftUpdateCheck = 1400;
				LastUpgradeCheck = 1400;
				TargetAttributes = {
					FB1E74E92AAAAEC600EA6311 = {
						CreatedOnToolsVersion = 14.0.1;
					};
				};
			};
			buildConfigurationList = FB1E74E52AAAAEC600EA6311 /* Build configuration list for PBXProject "BuyAgainCell" */;
			compatibilityVersion = "Xcode 14.0";
			developmentRegion = en;
			hasScannedForEncodings = 0;
			knownRegions = (
				en,
				Base,
			);
			mainGroup = FB1E74E12AAAAEC600EA6311;
			productRefGroup = FB1E74EB2AAAAEC600EA6311 /* Products */;
			projectDirPath = "";
			projectRoot = "";
			targets = (
				FB1E74E92AAAAEC600EA6311 /* BuyAgainCell */,
			);
		};
/* End PBXProject section */

/* Begin PBXResourcesBuildPhase section */
		FB1E74E82AAAAEC600EA6311 /* Resources */ = {
			isa = PBXResourcesBuildPhase;
			buildActionMask = 2147483647;
			files = (
				FB1E74FA2AAAAEC900EA6311 /* LaunchScreen.storyboard in Resources */,
				FB1E75042AAAAEFF00EA6311 /* BuyAgainTableViewCell.xib in Resources */,
				FB1E74F72AAAAEC900EA6311 /* Assets.xcassets in Resources */,
				FB1E74F52AAAAEC600EA6311 /* Main.storyboard in Resources */,
			);
			runOnlyForDeploymentPostprocessing = 0;
		};
/* End PBXResourcesBuildPhase section */

/* Begin PBXSourcesBuildPhase section */
		FB1E74E62AAAAEC600EA6311 /* Sources */ = {
			isa = PBXSourcesBuildPhase;
			buildActionMask = 2147483647;
			files = (
				FB1E74F22AAAAEC600EA6311 /* ViewController.swift in Sources */,
				FB1E75032AAAAEFF00EA6311 /* BuyAgainTableViewCell.swift in Sources */,
				FB1E74EE2AAAAEC600EA6311 /* AppDelegate.swift in Sources */,
				FB1E74F02AAAAEC600EA6311 /* SceneDelegate.swift in Sources */,
			);
			runOnlyForDeploymentPostprocessing = 0;
		};
/* End PBXSourcesBuildPhase section */

/* Begin PBXVariantGroup section */
		FB1E74F32AAAAEC600EA6311 /* Main.storyboard */ = {
			isa = PBXVariantGroup;
			children = (
				FB1E74F42AAAAEC600EA6311 /* Base */,
			);
			name = Main.storyboard;
			sourceTree = "<group>";
		};
		FB1E74F82AAAAEC900EA6311 /* LaunchScreen.storyboard */ = {
			isa = PBXVariantGroup;
			children = (
				FB1E74F92AAAAEC900EA6311 /* Base */,
			);
			name = LaunchScreen.storyboard;
			sourceTree = "<group>";
		};
/* End PBXVariantGroup section */

/* Begin XCBuildConfiguration section */
		FB1E74FC2AAAAEC900EA6311 /* Debug */ = {
			isa = XCBuildConfiguration;
			buildSettings = {
				ALWAYS_SEARCH_USER_PATHS = NO;
				CLANG_ANALYZER_NONNULL = YES;
				CLANG_ANALYZER_NUMBER_OBJECT_CONVERSION = YES_AGGRESSIVE;
				CLANG_CXX_LANGUAGE_STANDARD = "gnu++20";
				CLANG_ENABLE_MODULES = YES;
				CLANG_ENABLE_OBJC_ARC = YES;
				CLANG_ENABLE_OBJC_WEAK = YES;
				CLANG_WARN_BLOCK_CAPTURE_AUTORELEASING = YES;
				CLANG_WARN_BOOL_CONVERSION = YES;
				CLANG_WARN_COMMA = YES;
				CLANG_WARN_CONSTANT_CONVERSION = YES;
				CLANG_WARN_DEPRECATED_OBJC_IMPLEMENTATIONS = YES;
				CLANG_WARN_DIRECT_OBJC_ISA_USAGE = YES_ERROR;
				CLANG_WARN_DOCUMENTATION_COMMENTS = YES;
				CLANG_WARN_EMPTY_BODY = YES;
				CLANG_WARN_ENUM_CONVERSION = YES;
				CLANG_WARN_INFINITE_RECURSION = YES;
				CLANG_WARN_INT_CONVERSION = YES;
				CLANG_WARN_NON_LITERAL_NULL_CONVERSION = YES;
				CLANG_WARN_OBJC_IMPLICIT_RETAIN_SELF = YES;
				CLANG_WARN_OBJC_LITERAL_CONVERSION = YES;
				CLANG_WARN_OBJC_ROOT_CLASS = YES_ERROR;
				CLANG_WARN_QUOTED_INCLUDE_IN_FRAMEWORK_HEADER = YES;
				CLANG_WARN_RANGE_LOOP_ANALYSIS = YES;
				CLANG_WARN_STRICT_PROTOTYPES = YES;
				CLANG_WARN_SUSPICIOUS_MOVE = YES;
				CLANG_WARN_UNGUARDED_AVAILABILITY = YES_AGGRESSIVE;
				CLANG_WARN_UNREACHABLE_CODE = YES;
				CLANG_WARN__DUPLICATE_METHOD_MATCH = YES;
				COPY_PHASE_STRIP = NO;
				DEBUG_INFORMATION_FORMAT = dwarf;
				ENABLE_STRICT_OBJC_MSGSEND = YES;
				ENABLE_TESTABILITY = YES;
				GCC_C_LANGUAGE_STANDARD = gnu11;
				GCC_DYNAMIC_NO_PIC = NO;
				GCC_NO_COMMON_BLOCKS = YES;
				GCC_OPTIMIZATION_LEVEL = 0;
				GCC_PREPROCESSOR_DEFINITIONS = (
					"DEBUG=1",
					"$(inherited)",
				);
				GCC_WARN_64_TO_32_BIT_CONVERSION = YES;
				GCC_WARN_ABOUT_RETURN_TYPE = YES_ERROR;
				GCC_WARN_UNDECLARED_SELECTOR = YES;
				GCC_WARN_UNINITIALIZED_AUTOS = YES_AGGRESSIVE;
				GCC_WARN_UNUSED_FUNCTION = YES;
				GCC_WARN_UNUSED_VARIABLE = YES;
				IPHONEOS_DEPLOYMENT_TARGET = 16.0;
				MTL_ENABLE_DEBUG_INFO = INCLUDE_SOURCE;
				MTL_FAST_MATH = YES;
				ONLY_ACTIVE_ARCH = YES;
				SDKROOT = iphoneos;
				SWIFT_ACTIVE_COMPILATION_CONDITIONS = DEBUG;
				SWIFT_OPTIMIZATION_LEVEL = "-Onone";
			};
			name = Debug;
		};
		FB1E74FD2AAAAEC900EA6311 /* Release */ = {
			isa = XCBuildConfiguration;
			buildSettings = {
				ALWAYS_SEARCH_USER_PATHS = NO;
				CLANG_ANALYZER_NONNULL = YES;
				CLANG_ANALYZER_NUMBER_OBJECT_CONVERSION = YES_AGGRESSIVE;
				CLANG_CXX_LANGUAGE_STANDARD = "gnu++20";
				CLANG_ENABLE_MODULES = YES;
				CLANG_ENABLE_OBJC_ARC = YES;
				CLANG_ENABLE_OBJC_WEAK = YES;
				CLANG_WARN_BLOCK_CAPTURE_AUTORELEASING = YES;
				CLANG_WARN_BOOL_CONVERSION = YES;
				CLANG_WARN_COMMA = YES;
				CLANG_WARN_CONSTANT_CONVERSION = YES;
				CLANG_WARN_DEPRECATED_OBJC_IMPLEMENTATIONS = YES;
				CLANG_WARN_DIRECT_OBJC_ISA_USAGE = YES_ERROR;
				CLANG_WARN_DOCUMENTATION_COMMENTS = YES;
				CLANG_WARN_EMPTY_BODY = YES;
				CLANG_WARN_ENUM_CONVERSION = YES;
				CLANG_WARN_INFINITE_RECURSION = YES;
				CLANG_WARN_INT_CONVERSION = YES;
				CLANG_WARN_NON_LITERAL_NULL_CONVERSION = YES;
				CLANG_WARN_OBJC_IMPLICIT_RETAIN_SELF = YES;
				CLANG_WARN_OBJC_LITERAL_CONVERSION = YES;
				CLANG_WARN_OBJC_ROOT_CLASS = YES_ERROR;
				CLANG_WARN_QUOTED_INCLUDE_IN_FRAMEWORK_HEADER = YES;
				CLANG_WARN_RANGE_LOOP_ANALYSIS = YES;
				CLANG_WARN_STRICT_PROTOTYPES = YES;
				CLANG_WARN_SUSPICIOUS_MOVE = YES;
				CLANG_WARN_UNGUARDED_AVAILABILITY = YES_AGGRESSIVE;
				CLANG_WARN_UNREACHABLE_CODE = YES;
				CLANG_WARN__DUPLICATE_METHOD_MATCH = YES;
				COPY_PHASE_STRIP = NO;
				DEBUG_INFORMATION_FORMAT = "dwarf-with-dsym";
				ENABLE_NS_ASSERTIONS = NO;
				ENABLE_STRICT_OBJC_MSGSEND = YES;
				GCC_C_LANGUAGE_STANDARD = gnu11;
				GCC_NO_COMMON_BLOCKS = YES;
				GCC_WARN_64_TO_32_BIT_CONVERSION = YES;
				GCC_WARN_ABOUT_RETURN_TYPE = YES_ERROR;
				GCC_WARN_UNDECLARED_SELECTOR = YES;
				GCC_WARN_UNINITIALIZED_AUTOS = YES_AGGRESSIVE;
				GCC_WARN_UNUSED_FUNCTION = YES;
				GCC_WARN_UNUSED_VARIABLE = YES;
				IPHONEOS_DEPLOYMENT_TARGET = 16.0;
				MTL_ENABLE_DEBUG_INFO = NO;
				MTL_FAST_MATH = YES;
				SDKROOT = iphoneos;
				SWIFT_COMPILATION_MODE = wholemodule;
				SWIFT_OPTIMIZATION_LEVEL = "-O";
				VALIDATE_PRODUCT = YES;
			};
			name = Release;
		};
		FB1E74FF2AAAAEC900EA6311 /* Debug */ = {
			isa = XCBuildConfiguration;
			buildSettings = {
				ASSETCATALOG_COMPILER_APPICON_NAME = AppIcon;
				ASSETCATALOG_COMPILER_GLOBAL_ACCENT_COLOR_NAME = AccentColor;
				CODE_SIGN_STYLE = Automatic;
				CURRENT_PROJECT_VERSION = 1;
				GENERATE_INFOPLIST_FILE = YES;
				INFOPLIST_FILE = BuyAgainCell/Info.plist;
				INFOPLIST_KEY_UIApplicationSupportsIndirectInputEvents = YES;
				INFOPLIST_KEY_UILaunchStoryboardName = LaunchScreen;
				INFOPLIST_KEY_UIMainStoryboardFile = Main;
				INFOPLIST_KEY_UISupportedInterfaceOrientations_iPad = "UIInterfaceOrientationPortrait UIInterfaceOrientationPortraitUpsideDown UIInterfaceOrientationLandscapeLeft UIInterfaceOrientationLandscapeRight";
				INFOPLIST_KEY_UISupportedInterfaceOrientations_iPhone = "UIInterfaceOrientationPortrait UIInterfaceOrientationLandscapeLeft UIInterfaceOrientationLandscapeRight";
				LD_RUNPATH_SEARCH_PATHS = (
					"$(inherited)",
					"@executable_path/Frameworks",
				);
				MARKETING_VERSION = 1.0;
				PRODUCT_BUNDLE_IDENTIFIER = com.ideas2it.BuyAgainCell;
				PRODUCT_NAME = "$(TARGET_NAME)";
				SWIFT_EMIT_LOC_STRINGS = YES;
				SWIFT_VERSION = 5.0;
				TARGETED_DEVICE_FAMILY = "1,2";
			};
			name = Debug;
		};
		FB1E75002AAAAEC900EA6311 /* Release */ = {
			isa = XCBuildConfiguration;
			buildSettings = {
				ASSETCATALOG_COMPILER_APPICON_NAME = AppIcon;
				ASSETCATALOG_COMPILER_GLOBAL_ACCENT_COLOR_NAME = AccentColor;
				CODE_SIGN_STYLE = Automatic;
				CURRENT_PROJECT_VERSION = 1;
				GENERATE_INFOPLIST_FILE = YES;
				INFOPLIST_FILE = BuyAgainCell/Info.plist;
				INFOPLIST_KEY_UIApplicationSupportsIndirectInputEvents = YES;
				INFOPLIST_KEY_UILaunchStoryboardName = LaunchScreen;
				INFOPLIST_KEY_UIMainStoryboardFile = Main;
				INFOPLIST_KEY_UISupportedInterfaceOrientations_iPad = "UIInterfaceOrientationPortrait UIInterfaceOrientationPortraitUpsideDown UIInterfaceOrientationLandscapeLeft UIInterfaceOrientationLandscapeRight";
				INFOPLIST_KEY_UISupportedInterfaceOrientations_iPhone = "UIInterfaceOrientationPortrait UIInterfaceOrientationLandscapeLeft UIInterfaceOrientationLandscapeRight";
				LD_RUNPATH_SEARCH_PATHS = (
					"$(inherited)",
					"@executable_path/Frameworks",
				);
				MARKETING_VERSION = 1.0;
				PRODUCT_BUNDLE_IDENTIFIER = com.ideas2it.BuyAgainCell;
				PRODUCT_NAME = "$(TARGET_NAME)";
				SWIFT_EMIT_LOC_STRINGS = YES;
				SWIFT_VERSION = 5.0;
				TARGETED_DEVICE_FAMILY = "1,2";
			};
			name = Release;
		};
/* End XCBuildConfiguration section */

/* Begin XCConfigurationList section */
		FB1E74E52AAAAEC600EA6311 /* Build configuration list for PBXProject "BuyAgainCell" */ = {
			isa = XCConfigurationList;
			buildConfigurations = (
				FB1E74FC2AAAAEC900EA6311 /* Debug */,
				FB1E74FD2AAAAEC900EA6311 /* Release */,
			);
			defaultConfigurationIsVisible = 0;
			defaultConfigurationName = Release;
		};
		FB1E74FE2AAAAEC900EA6311 /* Build configuration list for PBXNativeTarget "BuyAgainCell" */ = {
			isa = XCConfigurationList;
			buildConfigurations = (
				FB1E74FF2AAAAEC900EA6311 /* Debug */,
				FB1E75002AAAAEC900EA6311 /* Release */,
			);
			defaultConfigurationIsVisible = 0;
			defaultConfigurationName = Release;
		};
/* End XCConfigurationList section */
	};
	rootObject = FB1E74E22AAAAEC600EA6311 /* Project object */;
}
